
Microsoft Visual Studio Solution File, Format Version 12.00
# Visual Studio Version 17
VisualStudioVersion = 17.1.32421.90
MinimumVisualStudioVersion = 10.0.40219.1
Project("{FAE04EC0-301F-11D3-BF4B-00C04F79EFBC}") = "UTools.API", "UTools.API\UTools.API.csproj", "{33AD1CDE-62FD-45CB-90E6-8684B0747F37}"
EndProject
Project("{FAE04EC0-301F-11D3-BF4B-00C04F79EFBC}") = "UTools.Application", "UTools.Application\UTools.Application.csproj", "{50FE650E-08DC-45E0-AF69-D594F8E2160F}"
EndProject
Project("{FAE04EC0-301F-11D3-BF4B-00C04F79EFBC}") = "UTools.Domain", "UTools.Domain\UTools.Domain.csproj", "{59F13B39-E719-4E5D-B493-E28B003F6549}"
EndProject
Project("{FAE04EC0-301F-11D3-BF4B-00C04F79EFBC}") = "UTools.Infra.Data", "UTools.Infra.Data\UTools.Infra.Data.csproj", "{58C5303A-C1A6-4518-8121-DC2267FC9C41}"
EndProject
Project("{FAE04EC0-301F-11D3-BF4B-00C04F79EFBC}") = "UTools.Infra.CrossCutting", "UTools.Infra.CrossCutting\UTools.Infra.CrossCutting.csproj", "{C55C4EE1-A9AC-4388-A8A0-46BB1041FEBA}"
EndProject
Global
	GlobalSection(SolutionConfigurationPlatforms) = preSolution
		Debug|Any CPU = Debug|Any CPU
		Release|Any CPU = Release|Any CPU
	EndGlobalSection
	GlobalSection(ProjectConfigurationPlatforms) = postSolution
		{33AD1CDE-62FD-45CB-90E6-8684B0747F37}.Debug|Any CPU.ActiveCfg = Debug|Any CPU
		{33AD1CDE-62FD-45CB-90E6-8684B0747F37}.Debug|Any CPU.Build.0 = Debug|Any CPU
		{33AD1CDE-62FD-45CB-90E6-8684B0747F37}.Release|Any CPU.ActiveCfg = Release|Any CPU
		{33AD1CDE-62FD-45CB-90E6-8684B0747F37}.Release|Any CPU.Build.0 = Release|Any CPU
		{50FE650E-08DC-45E0-AF69-D594F8E2160F}.Debug|Any CPU.ActiveCfg = Debug|Any CPU
		{50FE650E-08DC-45E0-AF69-D594F8E2160F}.Debug|Any CPU.Build.0 = Debug|Any CPU
		{50FE650E-08DC-45E0-AF69-D594F8E2160F}.Release|Any CPU.ActiveCfg = Release|Any CPU
		{50FE650E-08DC-45E0-AF69-D594F8E2160F}.Release|Any CPU.Build.0 = Release|Any CPU
		{59F13B39-E719-4E5D-B493-E28B003F6549}.Debug|Any CPU.ActiveCfg = Debug|Any CPU
		{59F13B39-E719-4E5D-B493-E28B003F6549}.Debug|Any CPU.Build.0 = Debug|Any CPU
		{59F13B39-E719-4E5D-B493-E28B003F6549}.Release|Any CPU.ActiveCfg = Release|Any CPU
		{59F13B39-E719-4E5D-B493-E28B003F6549}.Release|Any CPU.Build.0 = Release|Any CPU
		{58C5303A-C1A6-4518-8121-DC2267FC9C41}.Debug|Any CPU.ActiveCfg = Debug|Any CPU
		{58C5303A-C1A6-4518-8121-DC2267FC9C41}.Debug|Any CPU.Build.0 = Debug|Any CPU
		{58C5303A-C1A6-4518-8121-DC2267FC9C41}.Release|Any CPU.ActiveCfg = Release|Any CPU
		{58C5303A-C1A6-4518-8121-DC2267FC9C41}.Release|Any CPU.Build.0 = Release|Any CPU
		{C55C4EE1-A9AC-4388-A8A0-46BB1041FEBA}.Debug|Any CPU.ActiveCfg = Debug|Any CPU
		{C55C4EE1-A9AC-4388-A8A0-46BB1041FEBA}.Debug|Any CPU.Build.0 = Debug|Any CPU
		{C55C4EE1-A9AC-4388-A8A0-46BB1041FEBA}.Release|Any CPU.ActiveCfg = Release|Any CPU
		{C55C4EE1-A9AC-4388-A8A0-46BB1041FEBA}.Release|Any CPU.Build.0 = Release|Any CPU
	EndGlobalSection
	GlobalSection(SolutionProperties) = preSolution
		HideSolutionNode = FALSE
	EndGlobalSection
	GlobalSection(ExtensibilityGlobals) = postSolution
		SolutionGuid = {A20C30EE-D1DB-41DE-826C-3A8B019CEF7B}
	EndGlobalSection
EndGlobal
